// !$*UTF8*$!
{
	archiveVersion = 1;
	classes = {
	};
	objectVersion = 46;
	objects = {

/* Begin PBXBuildFile section */
		5D0215241A4BF0890032CD41 /* AddToDoItemViewController.m in Sources */ = {isa = PBXBuildFile; fileRef = 5D0215231A4BF0890032CD41 /* AddToDoItemViewController.m */; };
		5D0215271A4BF0E00032CD41 /* ToDoListTableTableViewController.m in Sources */ = {isa = PBXBuildFile; fileRef = 5D0215261A4BF0E00032CD41 /* ToDoListTableTableViewController.m */; };
		5DC437AE1A48BB2D0090D72F /* main.m in Sources */ = {isa = PBXBuildFile; fileRef = 5DC437AD1A48BB2D0090D72F /* main.m */; };
		5DC437B11A48BB2D0090D72F /* AppDelegate.m in Sources */ = {isa = PBXBuildFile; fileRef = 5DC437B01A48BB2D0090D72F /* AppDelegate.m */; };
		5DC437B71A48BB2D0090D72F /* Main.storyboard in Resources */ = {isa = PBXBuildFile; fileRef = 5DC437B51A48BB2D0090D72F /* Main.storyboard */; };
		5DC437B91A48BB2D0090D72F /* Images.xcassets in Resources */ = {isa = PBXBuildFile; fileRef = 5DC437B81A48BB2D0090D72F /* Images.xcassets */; };
		5DC437BC1A48BB2D0090D72F /* LaunchScreen.xib in Resources */ = {isa = PBXBuildFile; fileRef = 5DC437BA1A48BB2D0090D72F /* LaunchScreen.xib */; };
		5DC437C81A48BB2D0090D72F /* ToDoListTests.m in Sources */ = {isa = PBXBuildFile; fileRef = 5DC437C71A48BB2D0090D72F /* ToDoListTests.m */; };
		5DC787BF1A4D29EA006A752A /* SKRadioButton.m in Sources */ = {isa = PBXBuildFile; fileRef = 5DC787BE1A4D29EA006A752A /* SKRadioButton.m */; };
		5DC787C41A4DF365006A752A /* ToDoItemData.m in Sources */ = {isa = PBXBuildFile; fileRef = 5DC787C31A4DF365006A752A /* ToDoItemData.m */; };
/* End PBXBuildFile section */

/* Begin PBXContainerItemProxy section */
		5DC437C21A48BB2D0090D72F /* PBXContainerItemProxy */ = {
			isa = PBXContainerItemProxy;
			containerPortal = 5DC437A01A48BB2D0090D72F /* Project object */;
			proxyType = 1;
			remoteGlobalIDString = 5DC437A71A48BB2D0090D72F;
			remoteInfo = ToDoList;
		};
/* End PBXContainerItemProxy section */

/* Begin PBXFileReference section */
		5D0215221A4BF0890032CD41 /* AddToDoItemViewController.h */ = {isa = PBXFileReference; fileEncoding = 4; lastKnownFileType = sourcecode.c.h; path = AddToDoItemViewController.h; sourceTree = "<group>"; };
		5D0215231A4BF0890032CD41 /* AddToDoItemViewController.m */ = {isa = PBXFileReference; fileEncoding = 4; lastKnownFileType = sourcecode.c.objc; path = AddToDoItemViewController.m; sourceTree = "<group>"; };
		5D0215251A4BF0E00032CD41 /* ToDoListTableTableViewController.h */ = {isa = PBXFileReference; fileEncoding = 4; lastKnownFileType = sourcecode.c.h; path = ToDoListTableTableViewController.h; sourceTree = "<group>"; };
		5D0215261A4BF0E00032CD41 /* ToDoListTableTableViewController.m */ = {isa = PBXFileReference; fileEncoding = 4; lastKnownFileType = sourcecode.c.objc; path = ToDoListTableTableViewController.m; sourceTree = "<group>"; };
		5DC437A81A48BB2D0090D72F /* ToDoList.app */ = {isa = PBXFileReference; explicitFileType = wrapper.application; includeInIndex = 0; path = ToDoList.app; sourceTree = BUILT_PRODUCTS_DIR; };
		5DC437AC1A48BB2D0090D72F /* Info.plist */ = {isa = PBXFileReference; lastKnownFileType = text.plist.xml; path = Info.plist; sourceTree = "<group>"; };
		5DC437AD1A48BB2D0090D72F /* main.m */ = {isa = PBXFileReference; lastKnownFileType = sourcecode.c.objc; path = main.m; sourceTree = "<group>"; };
		5DC437AF1A48BB2D0090D72F /* AppDelegate.h */ = {isa = PBXFileReference; lastKnownFileType = sourcecode.c.h; path = AppDelegate.h; sourceTree = "<group>"; };
		5DC437B01A48BB2D0090D72F /* AppDelegate.m */ = {isa = PBXFileReference; lastKnownFileType = sourcecode.c.objc; path = AppDelegate.m; sourceTree = "<group>"; };
		5DC437B61A48BB2D0090D72F /* Base */ = {isa = PBXFileReference; lastKnownFileType = file.storyboard; name = Base; path = Base.lproj/Main.storyboard; sourceTree = "<group>"; };
		5DC437B81A48BB2D0090D72F /* Images.xcassets */ = {isa = PBXFileReference; lastKnownFileType = folder.assetcatalog; path = Images.xcassets; sourceTree = "<group>"; };
		5DC437BB1A48BB2D0090D72F /* Base */ = {isa = PBXFileReference; lastKnownFileType = file.xib; name = Base; path = Base.lproj/LaunchScreen.xib; sourceTree = "<group>"; };
		5DC437C11A48BB2D0090D72F /* ToDoListTests.xctest */ = {isa = PBXFileReference; explicitFileType = wrapper.cfbundle; includeInIndex = 0; path = ToDoListTests.xctest; sourceTree = BUILT_PRODUCTS_DIR; };
		5DC437C61A48BB2D0090D72F /* Info.plist */ = {isa = PBXFileReference; lastKnownFileType = text.plist.xml; path = Info.plist; sourceTree = "<group>"; };
		5DC437C71A48BB2D0090D72F /* ToDoListTests.m */ = {isa = PBXFileReference; lastKnownFileType = sourcecode.c.objc; path = ToDoListTests.m; sourceTree = "<group>"; };
		5DC787BD1A4D29EA006A752A /* SKRadioButton.h */ = {isa = PBXFileReference; fileEncoding = 4; lastKnownFileType = sourcecode.c.h; name = SKRadioButton.h; path = SKRadioButton/SKRadioButton.h; sourceTree = "<group>"; };
		5DC787BE1A4D29EA006A752A /* SKRadioButton.m */ = {isa = PBXFileReference; fileEncoding = 4; lastKnownFileType = sourcecode.c.objc; name = SKRadioButton.m; path = SKRadioButton/SKRadioButton.m; sourceTree = "<group>"; };
		5DC787C21A4DF365006A752A /* ToDoItemData.h */ = {isa = PBXFileReference; fileEncoding = 4; lastKnownFileType = sourcecode.c.h; path = ToDoItemData.h; sourceTree = "<group>"; };
		5DC787C31A4DF365006A752A /* ToDoItemData.m */ = {isa = PBXFileReference; fileEncoding = 4; lastKnownFileType = sourcecode.c.objc; path = ToDoItemData.m; sourceTree = "<group>"; };
/* End PBXFileReference section */

/* Begin PBXFrameworksBuildPhase section */
		5DC437A51A48BB2D0090D72F /* Frameworks */ = {
			isa = PBXFrameworksBuildPhase;
			buildActionMask = 2147483647;
			files = (
			);
			runOnlyForDeploymentPostprocessing = 0;
		};
		5DC437BE1A48BB2D0090D72F /* Frameworks */ = {
			isa = PBXFrameworksBuildPhase;
			buildActionMask = 2147483647;
			files = (
			);
			runOnlyForDeploymentPostprocessing = 0;
		};
/* End PBXFrameworksBuildPhase section */

/* Begin PBXGroup section */
		5DC4379F1A48BB2D0090D72F = {
			isa = PBXGroup;
			children = (
				5DC437AA1A48BB2D0090D72F /* ToDoList */,
				5DC437C41A48BB2D0090D72F /* ToDoListTests */,
				5DC437A91A48BB2D0090D72F /* Products */,
			);
			sourceTree = "<group>";
		};
		5DC437A91A48BB2D0090D72F /* Products */ = {
			isa = PBXGroup;
			children = (
				5DC437A81A48BB2D0090D72F /* ToDoList.app */,
				5DC437C11A48BB2D0090D72F /* ToDoListTests.xctest */,
			);
			name = Products;
			sourceTree = "<group>";
		};
		5DC437AA1A48BB2D0090D72F /* ToDoList */ = {
			isa = PBXGroup;
			children = (
				5DC437AF1A48BB2D0090D72F /* AppDelegate.h */,
				5DC437B01A48BB2D0090D72F /* AppDelegate.m */,
				5DC437B51A48BB2D0090D72F /* Main.storyboard */,
				5DC437B81A48BB2D0090D72F /* Images.xcassets */,
				5DC437BA1A48BB2D0090D72F /* LaunchScreen.xib */,
				5DC437AB1A48BB2D0090D72F /* Supporting Files */,
				5D0215221A4BF0890032CD41 /* AddToDoItemViewController.h */,
				5D0215231A4BF0890032CD41 /* AddToDoItemViewController.m */,
				5D0215251A4BF0E00032CD41 /* ToDoListTableTableViewController.h */,
				5D0215261A4BF0E00032CD41 /* ToDoListTableTableViewController.m */,
				5DC787BD1A4D29EA006A752A /* SKRadioButton.h */,
				5DC787BE1A4D29EA006A752A /* SKRadioButton.m */,
				5DC787C21A4DF365006A752A /* ToDoItemData.h */,
				5DC787C31A4DF365006A752A /* ToDoItemData.m */,
			);
			path = ToDoList;
			sourceTree = "<group>";
		};
		5DC437AB1A48BB2D0090D72F /* Supporting Files */ = {
			isa = PBXGroup;
			children = (
				5DC437AC1A48BB2D0090D72F /* Info.plist */,
				5DC437AD1A48BB2D0090D72F /* main.m */,
			);
			name = "Supporting Files";
			sourceTree = "<group>";
		};
		5DC437C41A48BB2D0090D72F /* ToDoListTests */ = {
			isa = PBXGroup;
			children = (
				5DC437C71A48BB2D0090D72F /* ToDoListTests.m */,
				5DC437C51A48BB2D0090D72F /* Supporting Files */,
			);
			path = ToDoListTests;
			sourceTree = "<group>";
		};
		5DC437C51A48BB2D0090D72F /* Supporting Files */ = {
			isa = PBXGroup;
			children = (
				5DC437C61A48BB2D0090D72F /* Info.plist */,
			);
			name = "Supporting Files";
			sourceTree = "<group>";
		};
/* End PBXGroup section */

/* Begin PBXNativeTarget section */
		5DC437A71A48BB2D0090D72F /* ToDoList */ = {
			isa = PBXNativeTarget;
			buildConfigurationList = 5DC437CB1A48BB2D0090D72F /* Build configuration list for PBXNativeTarget "ToDoList" */;
			buildPhases = (
				5DC437A41A48BB2D0090D72F /* Sources */,
				5DC437A51A48BB2D0090D72F /* Frameworks */,
				5DC437A61A48BB2D0090D72F /* Resources */,
			);
			buildRules = (
			);
			dependencies = (
			);
			name = ToDoList;
			productName = ToDoList;
			productReference = 5DC437A81A48BB2D0090D72F /* ToDoList.app */;
			productType = "com.apple.product-type.application";
		};
		5DC437C01A48BB2D0090D72F /* ToDoListTests */ = {
			isa = PBXNativeTarget;
			buildConfigurationList = 5DC437CE1A48BB2D0090D72F /* Build configuration list for PBXNativeTarget "ToDoListTests" */;
			buildPhases = (
				5DC437BD1A48BB2D0090D72F /* Sources */,
				5DC437BE1A48BB2D0090D72F /* Frameworks */,
				5DC437BF1A48BB2D0090D72F /* Resources */,
			);
			buildRules = (
			);
			dependencies = (
				5DC437C31A48BB2D0090D72F /* PBXTargetDependency */,
			);
			name = ToDoListTests;
			productName = ToDoListTests;
			productReference = 5DC437C11A48BB2D0090D72F /* ToDoListTests.xctest */;
			productType = "com.apple.product-type.bundle.unit-test";
		};
/* End PBXNativeTarget section */

/* Begin PBXProject section */
		5DC437A01A48BB2D0090D72F /* Project object */ = {
			isa = PBXProject;
			attributes = {
				LastUpgradeCheck = 0610;
				ORGANIZATIONNAME = "Shaoke Xu";
				TargetAttributes = {
					5DC437A71A48BB2D0090D72F = {
						CreatedOnToolsVersion = 6.1.1;
					};
					5DC437C01A48BB2D0090D72F = {
						CreatedOnToolsVersion = 6.1.1;
						TestTargetID = 5DC437A71A48BB2D0090D72F;
					};
				};
			};
			buildConfigurationList = 5DC437A31A48BB2D0090D72F /* Build configuration list for PBXProject "ToDoList" */;
			compatibilityVersion = "Xcode 3.2";
			developmentRegion = English;
			hasScannedForEncodings = 0;
			knownRegions = (
				en,
				Base,
			);
			mainGroup = 5DC4379F1A48BB2D0090D72F;
			productRefGroup = 5DC437A91A48BB2D0090D72F /* Products */;
			projectDirPath = "";
			projectRoot = "";
			targets = (
				5DC437A71A48BB2D0090D72F /* ToDoList */,
				5DC437C01A48BB2D0090D72F /* ToDoListTests */,
			);
		};
/* End PBXProject section */

/* Begin PBXResourcesBuildPhase section */
		5DC437A61A48BB2D0090D72F /* Resources */ = {
			isa = PBXResourcesBuildPhase;
			buildActionMask = 2147483647;
			files = (
				5DC437B71A48BB2D0090D72F /* Main.storyboard in Resources */,
				5DC437BC1A48BB2D0090D72F /* LaunchScreen.xib in Resources */,
				5DC437B91A48BB2D0090D72F /* Images.xcassets in Resources */,
			);
			runOnlyForDeploymentPostprocessing = 0;
		};
		5DC437BF1A48BB2D0090D72F /* Resources */ = {
			isa = PBXResourcesBuildPhase;
			buildActionMask = 2147483647;
			files = (
			);
			runOnlyForDeploymentPostprocessing = 0;
		};
/* End PBXResourcesBuildPhase section */

/* Begin PBXSourcesBuildPhase section */
		5DC437A41A48BB2D0090D72F /* Sources */ = {
			isa = PBXSourcesBuildPhase;
			buildActionMask = 2147483647;
			files = (
				5DC437B11A48BB2D0090D72F /* AppDelegate.m in Sources */,
				5DC787C41A4DF365006A752A /* ToDoItemData.m in Sources */,
				5DC437AE1A48BB2D0090D72F /* main.m in Sources */,
				5D0215271A4BF0E00032CD41 /* ToDoListTableTableViewController.m in Sources */,
				5D0215241A4BF0890032CD41 /* AddToDoItemViewController.m in Sources */,
				5DC787BF1A4D29EA006A752A /* SKRadioButton.m in Sources */,
			);
			runOnlyForDeploymentPostprocessing = 0;
		};
		5DC437BD1A48BB2D0090D72F /* Sources */ = {
			isa = PBXSourcesBuildPhase;
			buildActionMask = 2147483647;
			files = (
				5DC437C81A48BB2D0090D72F /* ToDoListTests.m in Sources */,
			);
			runOnlyForDeploymentPostprocessing = 0;
		};
/* End PBXSourcesBuildPhase section */

/* Begin PBXTargetDependency section */
		5DC437C31A48BB2D0090D72F /* PBXTargetDependency */ = {
			isa = PBXTargetDependency;
			target = 5DC437A71A48BB2D0090D72F /* ToDoList */;
			targetProxy = 5DC437C21A48BB2D0090D72F /* PBXContainerItemProxy */;
		};
/* End PBXTargetDependency section */

/* Begin PBXVariantGroup section */
		5DC437B51A48BB2D0090D72F /* Main.storyboard */ = {
			isa = PBXVariantGroup;
			children = (
				5DC437B61A48BB2D0090D72F /* Base */,
			);
			name = Main.storyboard;
			sourceTree = "<group>";
		};
		5DC437BA1A48BB2D0090D72F /* LaunchScreen.xib */ = {
			isa = PBXVariantGroup;
			children = (
				5DC437BB1A48BB2D0090D72F /* Base */,
			);
			name = LaunchScreen.xib;
			sourceTree = "<group>";
		};
/* End PBXVariantGroup section */

/* Begin XCBuildConfiguration section */
		5DC437C91A48BB2D0090D72F /* Debug */ = {
			isa = XCBuildConfiguration;
			buildSettings = {
				ALWAYS_SEARCH_USER_PATHS = NO;
				CLANG_CXX_LANGUAGE_STANDARD = "gnu++0x";
				CLANG_CXX_LIBRARY = "libc++";
				CLANG_ENABLE_MODULES = YES;
				CLANG_ENABLE_OBJC_ARC = YES;
				CLANG_WARN_BOOL_CONVERSION = YES;
				CLANG_WARN_CONSTANT_CONVERSION = YES;
				CLANG_WARN_DIRECT_OBJC_ISA_USAGE = YES_ERROR;
				CLANG_WARN_EMPTY_BODY = YES;
				CLANG_WARN_ENUM_CONVERSION = YES;
				CLANG_WARN_INT_CONVERSION = YES;
				CLANG_WARN_OBJC_ROOT_CLASS = YES_ERROR;
				CLANG_WARN_UNREACHABLE_CODE = YES;
				CLANG_WARN__DUPLICATE_METHOD_MATCH = YES;
				"CODE_SIGN_IDENTITY[sdk=iphoneos*]" = "iPhone Developer";
				COPY_PHASE_STRIP = NO;
				ENABLE_STRICT_OBJC_MSGSEND = YES;
				GCC_C_LANGUAGE_STANDARD = gnu99;
				GCC_DYNAMIC_NO_PIC = NO;
				GCC_OPTIMIZATION_LEVEL = 0;
				GCC_PREPROCESSOR_DEFINITIONS = (
					"DEBUG=1",
					"$(inherited)",
				);
				GCC_SYMBOLS_PRIVATE_EXTERN = NO;
				GCC_WARN_64_TO_32_BIT_CONVERSION = YES;
				GCC_WARN_ABOUT_RETURN_TYPE = YES_ERROR;
				GCC_WARN_UNDECLARED_SELECTOR = YES;
				GCC_WARN_UNINITIALIZED_AUTOS = YES_AGGRESSIVE;
				GCC_WARN_UNUSED_FUNCTION = YES;
				GCC_WARN_UNUSED_VARIABLE = YES;
				IPHONEOS_DEPLOYMENT_TARGET = 8.1;
				MTL_ENABLE_DEBUG_INFO = YES;
				ONLY_ACTIVE_ARCH = YES;
				SDKROOT = iphoneos;
				TARGETED_DEVICE_FAMILY = "1,2";
			};
			name = Debug;
		};
		5DC437CA1A48BB2D0090D72F /* Release */ = {
			isa = XCBuildConfiguration;
			buildSettings = {
				ALWAYS_SEARCH_USER_PATHS = NO;
				CLANG_CXX_LANGUAGE_STANDARD = "gnu++0x";
				CLANG_CXX_LIBRARY = "libc++";
				CLANG_ENABLE_MODULES = YES;
				CLANG_ENABLE_OBJC_ARC = YES;
				CLANG_WARN_BOOL_CONVERSION = YES;
				CLANG_WARN_CONSTANT_CONVERSION = YES;
				CLANG_WARN_DIRECT_OBJC_ISA_USAGE = YES_ERROR;
				CLANG_WARN_EMPTY_BODY = YES;
				CLANG_WARN_ENUM_CONVERSION = YES;
				CLANG_WARN_INT_CONVERSION = YES;
				CLANG_WARN_OBJC_ROOT_CLASS = YES_ERROR;
				CLANG_WARN_UNREACHABLE_CODE = YES;
				CLANG_WARN__DUPLICATE_METHOD_MATCH = YES;
				"CODE_SIGN_IDENTITY[sdk=iphoneos*]" = "iPhone Developer";
				COPY_PHASE_STRIP = YES;
				ENABLE_NS_ASSERTIONS = NO;
				ENABLE_STRICT_OBJC_MSGSEND = YES;
				GCC_C_LANGUAGE_STANDARD = gnu99;
				GCC_WARN_64_TO_32_BIT_CONVERSION = YES;
				GCC_WARN_ABOUT_RETURN_TYPE = YES_ERROR;
				GCC_WARN_UNDECLARED_SELECTOR = YES;
				GCC_WARN_UNINITIALIZED_AUTOS = YES_AGGRESSIVE;
				GCC_WARN_UNUSED_FUNCTION = YES;
				GCC_WARN_UNUSED_VARIABLE = YES;
				IPHONEOS_DEPLOYMENT_TARGET = 8.1;
				MTL_ENABLE_DEBUG_INFO = NO;
				SDKROOT = iphoneos;
				TARGETED_DEVICE_FAMILY = "1,2";
				VALIDATE_PRODUCT = YES;
			};
			name = Release;
		};
		5DC437CC1A48BB2D0090D72F /* Debug */ = {
			isa = XCBuildConfiguration;
			buildSettings = {
				ASSETCATALOG_COMPILER_APPICON_NAME = AppIcon;
				INFOPLIST_FILE = ToDoList/Info.plist;
				LD_RUNPATH_SEARCH_PATHS = "$(inherited) @executable_path/Frameworks";
				PRODUCT_NAME = "$(TARGET_NAME)";
			};
			name = Debug;
		};
		5DC437CD1A48BB2D0090D72F /* Release */ = {
			isa = XCBuildConfiguration;
			buildSettings = {
				ASSETCATALOG_COMPILER_APPICON_NAME = AppIcon;
				INFOPLIST_FILE = ToDoList/Info.plist;
				LD_RUNPATH_SEARCH_PATHS = "$(inherited) @executable_path/Frameworks";
				PRODUCT_NAME = "$(TARGET_NAME)";
			};
			name = Release;
		};
		5DC437CF1A48BB2D0090D72F /* Debug */ = {
			isa = XCBuildConfiguration;
			buildSettings = {
				BUNDLE_LOADER = "$(TEST_HOST)";
				FRAMEWORK_SEARCH_PATHS = (
					"$(SDKROOT)/Developer/Library/Frameworks",
					"$(inherited)",
				);
				GCC_PREPROCESSOR_DEFINITIONS = (
					"DEBUG=1",
					"$(inherited)",
				);
				INFOPLIST_FILE = ToDoListTests/Info.plist;
				LD_RUNPATH_SEARCH_PATHS = "$(inherited) @executable_path/Frameworks @loader_path/Frameworks";
				PRODUCT_NAME = "$(TARGET_NAME)";
				TEST_HOST = "$(BUILT_PRODUCTS_DIR)/ToDoList.app/ToDoList";
			};
			name = Debug;
		};
		5DC437D01A48BB2D0090D72F /* Release */ = {
			isa = XCBuildConfiguration;
			buildSettings = {
				BUNDLE_LOADER = "$(TEST_HOST)";
				FRAMEWORK_SEARCH_PATHS = (
					"$(SDKROOT)/Developer/Library/Frameworks",
					"$(inherited)",
				);
				INFOPLIST_FILE = ToDoListTests/Info.plist;
				LD_RUNPATH_SEARCH_PATHS = "$(inherited) @executable_path/Frameworks @loader_path/Frameworks";
				PRODUCT_NAME = "$(TARGET_NAME)";
				TEST_HOST = "$(BUILT_PRODUCTS_DIR)/ToDoList.app/ToDoList";
			};
			name = Release;
		};
/* End XCBuildConfiguration section */

/* Begin XCConfigurationList section */
		5DC437A31A48BB2D0090D72F /* Build configuration list for PBXProject "ToDoList" */ = {
			isa = XCConfigurationList;
			buildConfigurations = (
				5DC437C91A48BB2D0090D72F /* Debug */,
				5DC437CA1A48BB2D0090D72F /* Release */,
			);
			defaultConfigurationIsVisible = 0;
			defaultConfigurationName = Release;
		};
		5DC437CB1A48BB2D0090D72F /* Build configuration list for PBXNativeTarget "ToDoList" */ = {
			isa = XCConfigurationList;
			buildConfigurations = (
				5DC437CC1A48BB2D0090D72F /* Debug */,
				5DC437CD1A48BB2D0090D72F /* Release */,
			);
			defaultConfigurationIsVisible = 0;
			defaultConfigurationName = Release;
		};
		5DC437CE1A48BB2D0090D72F /* Build configuration list for PBXNativeTarget "ToDoListTests" */ = {
			isa = XCConfigurationList;
			buildConfigurations = (
				5DC437CF1A48BB2D0090D72F /* Debug */,
				5DC437D01A48BB2D0090D72F /* Release */,
			);
			defaultConfigurationIsVisible = 0;
			defaultConfigurationName = Release;
		};
/* End XCConfigurationList section */
	};
	rootObject = 5DC437A01A48BB2D0090D72F /* Project object */;
}
